
Microsoft Visual Studio Solution File, Format Version 12.00
# Visual Studio Version 17
VisualStudioVersion = 17.11.35222.181
MinimumVisualStudioVersion = 10.0.40219.1
Project("{FAE04EC0-301F-11D3-BF4B-00C04F79EFBC}") = "window", "window\window.csproj", "{51B4EB04-5CB8-4026-88E6-7C05A4911864}"
EndProject
Global
	GlobalSection(SolutionConfigurationPlatforms) = preSolution
		Debug|Any CPU = Debug|Any CPU
		Release|Any CPU = Release|Any CPU
	EndGlobalSection
	GlobalSection(ProjectConfigurationPlatforms) = postSolution
		{51B4EB04-5CB8-4026-88E6-7C05A4911864}.Debug|Any CPU.ActiveCfg = Debug|Any CPU
		{51B4EB04-5CB8-4026-88E6-7C05A4911864}.Debug|Any CPU.Build.0 = Debug|Any CPU
		{51B4EB04-5CB8-4026-88E6-7C05A4911864}.Release|Any CPU.ActiveCfg = Release|Any CPU
		{51B4EB04-5CB8-4026-88E6-7C05A4911864}.Release|Any CPU.Build.0 = Release|Any CPU
	EndGlobalSection
	GlobalSection(SolutionProperties) = preSolution
		HideSolutionNode = FALSE
	EndGlobalSection
	GlobalSection(ExtensibilityGlobals) = postSolution
		SolutionGuid = {B60E9065-9B34-49FD-887D-001FA2A863AF}
	EndGlobalSection
EndGlobal
